// !$*UTF8*$!
{
	archiveVersion = 1;
	classes = {
	};
	objectVersion = 55;
	objects = {

/* Begin PBXBuildFile section */
		20BD0F5B270B08400066ACF5 /* AppDelegate.swift in Sources */ = {isa = PBXBuildFile; fileRef = 20BD0F5A270B08400066ACF5 /* AppDelegate.swift */; };
		20BD0F5D270B08400066ACF5 /* SceneDelegate.swift in Sources */ = {isa = PBXBuildFile; fileRef = 20BD0F5C270B08400066ACF5 /* SceneDelegate.swift */; };
		20BD0F62270B08400066ACF5 /* Main.storyboard in Resources */ = {isa = PBXBuildFile; fileRef = 20BD0F60270B08400066ACF5 /* Main.storyboard */; };
		20BD0F64270B08420066ACF5 /* Assets.xcassets in Resources */ = {isa = PBXBuildFile; fileRef = 20BD0F63270B08420066ACF5 /* Assets.xcassets */; };
		20BD0F67270B08420066ACF5 /* LaunchScreen.storyboard in Resources */ = {isa = PBXBuildFile; fileRef = 20BD0F65270B08420066ACF5 /* LaunchScreen.storyboard */; };
		20BD0F72270B08420066ACF5 /* BSW_Diplom_1Tests.swift in Sources */ = {isa = PBXBuildFile; fileRef = 20BD0F71270B08420066ACF5 /* BSW_Diplom_1Tests.swift */; };
		20BD0F7C270B08420066ACF5 /* BSW_Diplom_1UITests.swift in Sources */ = {isa = PBXBuildFile; fileRef = 20BD0F7B270B08420066ACF5 /* BSW_Diplom_1UITests.swift */; };
		20BD0F7E270B08420066ACF5 /* BSW_Diplom_1UITestsLaunchTests.swift in Sources */ = {isa = PBXBuildFile; fileRef = 20BD0F7D270B08420066ACF5 /* BSW_Diplom_1UITestsLaunchTests.swift */; };
		20C164C9270B0F5E00C98437 /* CategoriesViewController.swift in Sources */ = {isa = PBXBuildFile; fileRef = 20C164C8270B0F5E00C98437 /* CategoriesViewController.swift */; };
		20C164CB270B0F8600C98437 /* SubCategoriesViewController.swift in Sources */ = {isa = PBXBuildFile; fileRef = 20C164CA270B0F8600C98437 /* SubCategoriesViewController.swift */; };
		20C164CD270B104200C98437 /* CartViewController.swift in Sources */ = {isa = PBXBuildFile; fileRef = 20C164CC270B104200C98437 /* CartViewController.swift */; };
		20C164CF270B107500C98437 /* GoodsViewController.swift in Sources */ = {isa = PBXBuildFile; fileRef = 20C164CE270B107500C98437 /* GoodsViewController.swift */; };
		20F2BCF9270C68A9009EF10F /* GoodViewController.swift in Sources */ = {isa = PBXBuildFile; fileRef = 20F2BCF8270C68A9009EF10F /* GoodViewController.swift */; };
		20F2BD06270C6961009EF10F /* CartViewModel.swift in Sources */ = {isa = PBXBuildFile; fileRef = 20F2BD05270C6961009EF10F /* CartViewModel.swift */; };
		20F2BD08270C696D009EF10F /* GoodViewModel.swift in Sources */ = {isa = PBXBuildFile; fileRef = 20F2BD07270C696D009EF10F /* GoodViewModel.swift */; };
		20F2BD0A270C6979009EF10F /* GoodsViewModel.swift in Sources */ = {isa = PBXBuildFile; fileRef = 20F2BD09270C6979009EF10F /* GoodsViewModel.swift */; };
		20F2BD0C270C6986009EF10F /* SubCategoriesViewModel.swift in Sources */ = {isa = PBXBuildFile; fileRef = 20F2BD0B270C6986009EF10F /* SubCategoriesViewModel.swift */; };
		20F2BD0E270C6992009EF10F /* CategoriesViewModel.swift in Sources */ = {isa = PBXBuildFile; fileRef = 20F2BD0D270C6992009EF10F /* CategoriesViewModel.swift */; };
		20F2BD10270C69A2009EF10F /* CategoriesObj.swift in Sources */ = {isa = PBXBuildFile; fileRef = 20F2BD0F270C69A2009EF10F /* CategoriesObj.swift */; };
		20F2BD12270C69AE009EF10F /* SubCategoriesObj.swift in Sources */ = {isa = PBXBuildFile; fileRef = 20F2BD11270C69AE009EF10F /* SubCategoriesObj.swift */; };
		20F2BD14270C69BD009EF10F /* GoodsObj.swift in Sources */ = {isa = PBXBuildFile; fileRef = 20F2BD13270C69BD009EF10F /* GoodsObj.swift */; };
		20F2BD16270C69C4009EF10F /* CartObj.swift in Sources */ = {isa = PBXBuildFile; fileRef = 20F2BD15270C69C4009EF10F /* CartObj.swift */; };
		20F2BD18270C69D2009EF10F /* SaveInfo.swift in Sources */ = {isa = PBXBuildFile; fileRef = 20F2BD17270C69D2009EF10F /* SaveInfo.swift */; };
		20F2BD1A270C69DC009EF10F /* RemoveOldInfo.swift in Sources */ = {isa = PBXBuildFile; fileRef = 20F2BD19270C69DC009EF10F /* RemoveOldInfo.swift */; };
		20F2BD1C270C69F9009EF10F /* CategoriesStruct.swift in Sources */ = {isa = PBXBuildFile; fileRef = 20F2BD1B270C69F9009EF10F /* CategoriesStruct.swift */; };
		20F2BD1E270C6A02009EF10F /* GoodsStruct.swift in Sources */ = {isa = PBXBuildFile; fileRef = 20F2BD1D270C6A02009EF10F /* GoodsStruct.swift */; };
		20F2BD20270C6A0E009EF10F /* CategoriesLoader.swift in Sources */ = {isa = PBXBuildFile; fileRef = 20F2BD1F270C6A0E009EF10F /* CategoriesLoader.swift */; };
		20F2BD22270C6A16009EF10F /* GoodsLoader.swift in Sources */ = {isa = PBXBuildFile; fileRef = 20F2BD21270C6A16009EF10F /* GoodsLoader.swift */; };
		20F2BD24270C6A2D009EF10F /* CartTableViewCell.swift in Sources */ = {isa = PBXBuildFile; fileRef = 20F2BD23270C6A2D009EF10F /* CartTableViewCell.swift */; };
		20F2BD26270C6A49009EF10F /* GoodsTableViewCell.swift in Sources */ = {isa = PBXBuildFile; fileRef = 20F2BD25270C6A49009EF10F /* GoodsTableViewCell.swift */; };
		20F2BD28270C6A66009EF10F /* SubCategoriesTableViewCell.swift in Sources */ = {isa = PBXBuildFile; fileRef = 20F2BD27270C6A66009EF10F /* SubCategoriesTableViewCell.swift */; };
		20F2BD2A270C6A6F009EF10F /* CategoriesTableViewCell.swift in Sources */ = {isa = PBXBuildFile; fileRef = 20F2BD29270C6A6F009EF10F /* CategoriesTableViewCell.swift */; };
		20F2BD2C270C6A91009EF10F /* GoodsCollectionViewCell.swift in Sources */ = {isa = PBXBuildFile; fileRef = 20F2BD2B270C6A91009EF10F /* GoodsCollectionViewCell.swift */; };
		20F2BD2E270C6B46009EF10F /* URLs.swift in Sources */ = {isa = PBXBuildFile; fileRef = 20F2BD2D270C6B46009EF10F /* URLs.swift */; };
		20F2BD30270C96B7009EF10F /* SubCategoriesStruct.swift in Sources */ = {isa = PBXBuildFile; fileRef = 20F2BD2F270C96B7009EF10F /* SubCategoriesStruct.swift */; };
		20F2BD32270C96F2009EF10F /* SubCategoriesLoader.swift in Sources */ = {isa = PBXBuildFile; fileRef = 20F2BD31270C96F2009EF10F /* SubCategoriesLoader.swift */; };
		78CD18F1A83B013F74737F45 /* Pods_BSW_Diplom_1.framework in Frameworks */ = {isa = PBXBuildFile; fileRef = 3AA28A36009622CAEC4FE1E5 /* Pods_BSW_Diplom_1.framework */; };
/* End PBXBuildFile section */

/* Begin PBXContainerItemProxy section */
		20BD0F6E270B08420066ACF5 /* PBXContainerItemProxy */ = {
			isa = PBXContainerItemProxy;
			containerPortal = 20BD0F4F270B08400066ACF5 /* Project object */;
			proxyType = 1;
			remoteGlobalIDString = 20BD0F56270B08400066ACF5;
			remoteInfo = BSW_Diplom_1;
		};
		20BD0F78270B08420066ACF5 /* PBXContainerItemProxy */ = {
			isa = PBXContainerItemProxy;
			containerPortal = 20BD0F4F270B08400066ACF5 /* Project object */;
			proxyType = 1;
			remoteGlobalIDString = 20BD0F56270B08400066ACF5;
			remoteInfo = BSW_Diplom_1;
		};
/* End PBXContainerItemProxy section */

/* Begin PBXFileReference section */
		20BD0F57270B08400066ACF5 /* BSW_Diplom_1.app */ = {isa = PBXFileReference; explicitFileType = wrapper.application; includeInIndex = 0; path = BSW_Diplom_1.app; sourceTree = BUILT_PRODUCTS_DIR; };
		20BD0F5A270B08400066ACF5 /* AppDelegate.swift */ = {isa = PBXFileReference; lastKnownFileType = sourcecode.swift; path = AppDelegate.swift; sourceTree = "<group>"; };
		20BD0F5C270B08400066ACF5 /* SceneDelegate.swift */ = {isa = PBXFileReference; lastKnownFileType = sourcecode.swift; path = SceneDelegate.swift; sourceTree = "<group>"; };
		20BD0F61270B08400066ACF5 /* Base */ = {isa = PBXFileReference; lastKnownFileType = file.storyboard; name = Base; path = Base.lproj/Main.storyboard; sourceTree = "<group>"; };
		20BD0F63270B08420066ACF5 /* Assets.xcassets */ = {isa = PBXFileReference; lastKnownFileType = folder.assetcatalog; path = Assets.xcassets; sourceTree = "<group>"; };
		20BD0F66270B08420066ACF5 /* Base */ = {isa = PBXFileReference; lastKnownFileType = file.storyboard; name = Base; path = Base.lproj/LaunchScreen.storyboard; sourceTree = "<group>"; };
		20BD0F68270B08420066ACF5 /* Info.plist */ = {isa = PBXFileReference; lastKnownFileType = text.plist.xml; path = Info.plist; sourceTree = "<group>"; };
		20BD0F6D270B08420066ACF5 /* BSW_Diplom_1Tests.xctest */ = {isa = PBXFileReference; explicitFileType = wrapper.cfbundle; includeInIndex = 0; path = BSW_Diplom_1Tests.xctest; sourceTree = BUILT_PRODUCTS_DIR; };
		20BD0F71270B08420066ACF5 /* BSW_Diplom_1Tests.swift */ = {isa = PBXFileReference; lastKnownFileType = sourcecode.swift; path = BSW_Diplom_1Tests.swift; sourceTree = "<group>"; };
		20BD0F77270B08420066ACF5 /* BSW_Diplom_1UITests.xctest */ = {isa = PBXFileReference; explicitFileType = wrapper.cfbundle; includeInIndex = 0; path = BSW_Diplom_1UITests.xctest; sourceTree = BUILT_PRODUCTS_DIR; };
		20BD0F7B270B08420066ACF5 /* BSW_Diplom_1UITests.swift */ = {isa = PBXFileReference; lastKnownFileType = sourcecode.swift; path = BSW_Diplom_1UITests.swift; sourceTree = "<group>"; };
		20BD0F7D270B08420066ACF5 /* BSW_Diplom_1UITestsLaunchTests.swift */ = {isa = PBXFileReference; lastKnownFileType = sourcecode.swift; path = BSW_Diplom_1UITestsLaunchTests.swift; sourceTree = "<group>"; };
		20C164C8270B0F5E00C98437 /* CategoriesViewController.swift */ = {isa = PBXFileReference; lastKnownFileType = sourcecode.swift; path = CategoriesViewController.swift; sourceTree = "<group>"; };
		20C164CA270B0F8600C98437 /* SubCategoriesViewController.swift */ = {isa = PBXFileReference; lastKnownFileType = sourcecode.swift; path = SubCategoriesViewController.swift; sourceTree = "<group>"; };
		20C164CC270B104200C98437 /* CartViewController.swift */ = {isa = PBXFileReference; lastKnownFileType = sourcecode.swift; path = CartViewController.swift; sourceTree = "<group>"; };
		20C164CE270B107500C98437 /* GoodsViewController.swift */ = {isa = PBXFileReference; lastKnownFileType = sourcecode.swift; path = GoodsViewController.swift; sourceTree = "<group>"; };
		20F2BCF8270C68A9009EF10F /* GoodViewController.swift */ = {isa = PBXFileReference; lastKnownFileType = sourcecode.swift; path = GoodViewController.swift; sourceTree = "<group>"; };
		20F2BD05270C6961009EF10F /* CartViewModel.swift */ = {isa = PBXFileReference; lastKnownFileType = sourcecode.swift; path = CartViewModel.swift; sourceTree = "<group>"; };
		20F2BD07270C696D009EF10F /* GoodViewModel.swift */ = {isa = PBXFileReference; lastKnownFileType = sourcecode.swift; path = GoodViewModel.swift; sourceTree = "<group>"; };
		20F2BD09270C6979009EF10F /* GoodsViewModel.swift */ = {isa = PBXFileReference; lastKnownFileType = sourcecode.swift; path = GoodsViewModel.swift; sourceTree = "<group>"; };
		20F2BD0B270C6986009EF10F /* SubCategoriesViewModel.swift */ = {isa = PBXFileReference; lastKnownFileType = sourcecode.swift; path = SubCategoriesViewModel.swift; sourceTree = "<group>"; };
		20F2BD0D270C6992009EF10F /* CategoriesViewModel.swift */ = {isa = PBXFileReference; lastKnownFileType = sourcecode.swift; path = CategoriesViewModel.swift; sourceTree = "<group>"; };
		20F2BD0F270C69A2009EF10F /* CategoriesObj.swift */ = {isa = PBXFileReference; lastKnownFileType = sourcecode.swift; path = CategoriesObj.swift; sourceTree = "<group>"; };
		20F2BD11270C69AE009EF10F /* SubCategoriesObj.swift */ = {isa = PBXFileReference; lastKnownFileType = sourcecode.swift; path = SubCategoriesObj.swift; sourceTree = "<group>"; };
		20F2BD13270C69BD009EF10F /* GoodsObj.swift */ = {isa = PBXFileReference; lastKnownFileType = sourcecode.swift; path = GoodsObj.swift; sourceTree = "<group>"; };
		20F2BD15270C69C4009EF10F /* CartObj.swift */ = {isa = PBXFileReference; lastKnownFileType = sourcecode.swift; path = CartObj.swift; sourceTree = "<group>"; };
		20F2BD17270C69D2009EF10F /* SaveInfo.swift */ = {isa = PBXFileReference; lastKnownFileType = sourcecode.swift; path = SaveInfo.swift; sourceTree = "<group>"; };
		20F2BD19270C69DC009EF10F /* RemoveOldInfo.swift */ = {isa = PBXFileReference; lastKnownFileType = sourcecode.swift; path = RemoveOldInfo.swift; sourceTree = "<group>"; };
		20F2BD1B270C69F9009EF10F /* CategoriesStruct.swift */ = {isa = PBXFileReference; lastKnownFileType = sourcecode.swift; path = CategoriesStruct.swift; sourceTree = "<group>"; };
		20F2BD1D270C6A02009EF10F /* GoodsStruct.swift */ = {isa = PBXFileReference; lastKnownFileType = sourcecode.swift; path = GoodsStruct.swift; sourceTree = "<group>"; };
		20F2BD1F270C6A0E009EF10F /* CategoriesLoader.swift */ = {isa = PBXFileReference; lastKnownFileType = sourcecode.swift; path = CategoriesLoader.swift; sourceTree = "<group>"; };
		20F2BD21270C6A16009EF10F /* GoodsLoader.swift */ = {isa = PBXFileReference; lastKnownFileType = sourcecode.swift; path = GoodsLoader.swift; sourceTree = "<group>"; };
		20F2BD23270C6A2D009EF10F /* CartTableViewCell.swift */ = {isa = PBXFileReference; lastKnownFileType = sourcecode.swift; path = CartTableViewCell.swift; sourceTree = "<group>"; };
		20F2BD25270C6A49009EF10F /* GoodsTableViewCell.swift */ = {isa = PBXFileReference; lastKnownFileType = sourcecode.swift; name = GoodsTableViewCell.swift; path = BSW_Diplom_1/AllGoodsVC/GoodsTableViewCell.swift; sourceTree = SOURCE_ROOT; };
		20F2BD27270C6A66009EF10F /* SubCategoriesTableViewCell.swift */ = {isa = PBXFileReference; lastKnownFileType = sourcecode.swift; path = SubCategoriesTableViewCell.swift; sourceTree = "<group>"; };
		20F2BD29270C6A6F009EF10F /* CategoriesTableViewCell.swift */ = {isa = PBXFileReference; lastKnownFileType = sourcecode.swift; path = CategoriesTableViewCell.swift; sourceTree = "<group>"; };
		20F2BD2B270C6A91009EF10F /* GoodsCollectionViewCell.swift */ = {isa = PBXFileReference; lastKnownFileType = sourcecode.swift; path = GoodsCollectionViewCell.swift; sourceTree = "<group>"; };
		20F2BD2D270C6B46009EF10F /* URLs.swift */ = {isa = PBXFileReference; lastKnownFileType = sourcecode.swift; path = URLs.swift; sourceTree = "<group>"; };
		20F2BD2F270C96B7009EF10F /* SubCategoriesStruct.swift */ = {isa = PBXFileReference; lastKnownFileType = sourcecode.swift; path = SubCategoriesStruct.swift; sourceTree = "<group>"; };
		20F2BD31270C96F2009EF10F /* SubCategoriesLoader.swift */ = {isa = PBXFileReference; lastKnownFileType = sourcecode.swift; path = SubCategoriesLoader.swift; sourceTree = "<group>"; };
		322EFE15AFDC833EC8B3532C /* Pods-BSW_Diplom_1.release.xcconfig */ = {isa = PBXFileReference; includeInIndex = 1; lastKnownFileType = text.xcconfig; name = "Pods-BSW_Diplom_1.release.xcconfig"; path = "Target Support Files/Pods-BSW_Diplom_1/Pods-BSW_Diplom_1.release.xcconfig"; sourceTree = "<group>"; };
		3AA28A36009622CAEC4FE1E5 /* Pods_BSW_Diplom_1.framework */ = {isa = PBXFileReference; explicitFileType = wrapper.framework; includeInIndex = 0; path = Pods_BSW_Diplom_1.framework; sourceTree = BUILT_PRODUCTS_DIR; };
		3E03C0363477E2754CE4F121 /* Pods-BSW_Diplom_1.debug.xcconfig */ = {isa = PBXFileReference; includeInIndex = 1; lastKnownFileType = text.xcconfig; name = "Pods-BSW_Diplom_1.debug.xcconfig"; path = "Target Support Files/Pods-BSW_Diplom_1/Pods-BSW_Diplom_1.debug.xcconfig"; sourceTree = "<group>"; };
/* End PBXFileReference section */

/* Begin PBXFrameworksBuildPhase section */
		20BD0F54270B08400066ACF5 /* Frameworks */ = {
			isa = PBXFrameworksBuildPhase;
			buildActionMask = 2147483647;
			files = (
				78CD18F1A83B013F74737F45 /* Pods_BSW_Diplom_1.framework in Frameworks */,
			);
			runOnlyForDeploymentPostprocessing = 0;
		};
		20BD0F6A270B08420066ACF5 /* Frameworks */ = {
			isa = PBXFrameworksBuildPhase;
			buildActionMask = 2147483647;
			files = (
			);
			runOnlyForDeploymentPostprocessing = 0;
		};
		20BD0F74270B08420066ACF5 /* Frameworks */ = {
			isa = PBXFrameworksBuildPhase;
			buildActionMask = 2147483647;
			files = (
			);
			runOnlyForDeploymentPostprocessing = 0;
		};
/* End PBXFrameworksBuildPhase section */

/* Begin PBXGroup section */
		20BD0F4E270B08400066ACF5 = {
			isa = PBXGroup;
			children = (
				20BD0F59270B08400066ACF5 /* BSW_Diplom_1 */,
				20BD0F70270B08420066ACF5 /* BSW_Diplom_1Tests */,
				20BD0F7A270B08420066ACF5 /* BSW_Diplom_1UITests */,
				20BD0F58270B08400066ACF5 /* Products */,
				5F3DE542544E45B66313505C /* Pods */,
				2653C2B190607547586C2AF1 /* Frameworks */,
			);
			sourceTree = "<group>";
		};
		20BD0F58270B08400066ACF5 /* Products */ = {
			isa = PBXGroup;
			children = (
				20BD0F57270B08400066ACF5 /* BSW_Diplom_1.app */,
				20BD0F6D270B08420066ACF5 /* BSW_Diplom_1Tests.xctest */,
				20BD0F77270B08420066ACF5 /* BSW_Diplom_1UITests.xctest */,
			);
			name = Products;
			sourceTree = "<group>";
		};
		20BD0F59270B08400066ACF5 /* BSW_Diplom_1 */ = {
			isa = PBXGroup;
			children = (
				20BD0F68270B08420066ACF5 /* Info.plist */,
				20BD0F8A270B089D0066ACF5 /* Other */,
				20BD0F60270B08400066ACF5 /* Main.storyboard */,
				20F2BCFC270C68D1009EF10F /* CategoriesVC */,
				20F2BCFD270C68DF009EF10F /* SubCategoriesVC */,
				20F2BCFE270C68EB009EF10F /* AllGoodsVC */,
				20F2BCFF270C68F9009EF10F /* GoodVC */,
				20F2BD00270C6907009EF10F /* CartVC */,
				20F2BCFA270C68B4009EF10F /* ToLoad_Alamofire */,
				20F2BCFB270C68C4009EF10F /* ToCache_Realm */,
			);
			path = BSW_Diplom_1;
			sourceTree = "<group>";
		};
		20BD0F70270B08420066ACF5 /* BSW_Diplom_1Tests */ = {
			isa = PBXGroup;
			children = (
				20BD0F71270B08420066ACF5 /* BSW_Diplom_1Tests.swift */,
			);
			path = BSW_Diplom_1Tests;
			sourceTree = "<group>";
		};
		20BD0F7A270B08420066ACF5 /* BSW_Diplom_1UITests */ = {
			isa = PBXGroup;
			children = (
				20BD0F7B270B08420066ACF5 /* BSW_Diplom_1UITests.swift */,
				20BD0F7D270B08420066ACF5 /* BSW_Diplom_1UITestsLaunchTests.swift */,
			);
			path = BSW_Diplom_1UITests;
			sourceTree = "<group>";
		};
		20BD0F8A270B089D0066ACF5 /* Other */ = {
			isa = PBXGroup;
			children = (
				20BD0F5A270B08400066ACF5 /* AppDelegate.swift */,
				20BD0F5C270B08400066ACF5 /* SceneDelegate.swift */,
				20BD0F65270B08420066ACF5 /* LaunchScreen.storyboard */,
				20BD0F63270B08420066ACF5 /* Assets.xcassets */,
			);
			path = Other;
			sourceTree = "<group>";
		};
		20F2BCFA270C68B4009EF10F /* ToLoad_Alamofire */ = {
			isa = PBXGroup;
			children = (
				20F2BD2D270C6B46009EF10F /* URLs.swift */,
				20F2BD02270C691B009EF10F /* Structs */,
				20F2BD01270C6912009EF10F /* Loaders */,
			);
			path = ToLoad_Alamofire;
			sourceTree = "<group>";
		};
		20F2BCFB270C68C4009EF10F /* ToCache_Realm */ = {
			isa = PBXGroup;
			children = (
				20F2BD03270C6929009EF10F /* Objects */,
				20F2BD04270C6935009EF10F /* Operations */,
			);
			path = ToCache_Realm;
			sourceTree = "<group>";
		};
		20F2BCFC270C68D1009EF10F /* CategoriesVC */ = {
			isa = PBXGroup;
			children = (
				20C164C8270B0F5E00C98437 /* CategoriesViewController.swift */,
				20F2BD0D270C6992009EF10F /* CategoriesViewModel.swift */,
				20F2BD29270C6A6F009EF10F /* CategoriesTableViewCell.swift */,
			);
			path = CategoriesVC;
			sourceTree = "<group>";
		};
		20F2BCFD270C68DF009EF10F /* SubCategoriesVC */ = {
			isa = PBXGroup;
			children = (
				20C164CA270B0F8600C98437 /* SubCategoriesViewController.swift */,
				20F2BD0B270C6986009EF10F /* SubCategoriesViewModel.swift */,
				20F2BD27270C6A66009EF10F /* SubCategoriesTableViewCell.swift */,
			);
			path = SubCategoriesVC;
			sourceTree = "<group>";
		};
		20F2BCFE270C68EB009EF10F /* AllGoodsVC */ = {
			isa = PBXGroup;
			children = (
				20C164CE270B107500C98437 /* GoodsViewController.swift */,
				20F2BD09270C6979009EF10F /* GoodsViewModel.swift */,
				20F2BD25270C6A49009EF10F /* GoodsTableViewCell.swift */,
				20F2BD2B270C6A91009EF10F /* GoodsCollectionViewCell.swift */,
			);
			path = AllGoodsVC;
			sourceTree = "<group>";
		};
		20F2BCFF270C68F9009EF10F /* GoodVC */ = {
			isa = PBXGroup;
			children = (
				20F2BCF8270C68A9009EF10F /* GoodViewController.swift */,
				20F2BD07270C696D009EF10F /* GoodViewModel.swift */,
			);
			path = GoodVC;
			sourceTree = "<group>";
		};
		20F2BD00270C6907009EF10F /* CartVC */ = {
			isa = PBXGroup;
			children = (
				20C164CC270B104200C98437 /* CartViewController.swift */,
				20F2BD05270C6961009EF10F /* CartViewModel.swift */,
				20F2BD23270C6A2D009EF10F /* CartTableViewCell.swift */,
			);
			path = CartVC;
			sourceTree = "<group>";
		};
		20F2BD01270C6912009EF10F /* Loaders */ = {
			isa = PBXGroup;
			children = (
				20F2BD1F270C6A0E009EF10F /* CategoriesLoader.swift */,
				20F2BD31270C96F2009EF10F /* SubCategoriesLoader.swift */,
				20F2BD21270C6A16009EF10F /* GoodsLoader.swift */,
			);
			path = Loaders;
			sourceTree = "<group>";
		};
		20F2BD02270C691B009EF10F /* Structs */ = {
			isa = PBXGroup;
			children = (
				20F2BD1B270C69F9009EF10F /* CategoriesStruct.swift */,
				20F2BD2F270C96B7009EF10F /* SubCategoriesStruct.swift */,
				20F2BD1D270C6A02009EF10F /* GoodsStruct.swift */,
			);
			path = Structs;
			sourceTree = "<group>";
		};
		20F2BD03270C6929009EF10F /* Objects */ = {
			isa = PBXGroup;
			children = (
				20F2BD0F270C69A2009EF10F /* CategoriesObj.swift */,
				20F2BD11270C69AE009EF10F /* SubCategoriesObj.swift */,
				20F2BD13270C69BD009EF10F /* GoodsObj.swift */,
				20F2BD15270C69C4009EF10F /* CartObj.swift */,
			);
			path = Objects;
			sourceTree = "<group>";
		};
		20F2BD04270C6935009EF10F /* Operations */ = {
			isa = PBXGroup;
			children = (
				20F2BD17270C69D2009EF10F /* SaveInfo.swift */,
				20F2BD19270C69DC009EF10F /* RemoveOldInfo.swift */,
			);
			path = Operations;
			sourceTree = "<group>";
		};
		2653C2B190607547586C2AF1 /* Frameworks */ = {
			isa = PBXGroup;
			children = (
				3AA28A36009622CAEC4FE1E5 /* Pods_BSW_Diplom_1.framework */,
			);
			name = Frameworks;
			sourceTree = "<group>";
		};
		5F3DE542544E45B66313505C /* Pods */ = {
			isa = PBXGroup;
			children = (
				3E03C0363477E2754CE4F121 /* Pods-BSW_Diplom_1.debug.xcconfig */,
				322EFE15AFDC833EC8B3532C /* Pods-BSW_Diplom_1.release.xcconfig */,
			);
			path = Pods;
			sourceTree = "<group>";
		};
/* End PBXGroup section */

/* Begin PBXNativeTarget section */
		20BD0F56270B08400066ACF5 /* BSW_Diplom_1 */ = {
			isa = PBXNativeTarget;
			buildConfigurationList = 20BD0F81270B08420066ACF5 /* Build configuration list for PBXNativeTarget "BSW_Diplom_1" */;
			buildPhases = (
				8D8DD6171FF096B43BB65B96 /* [CP] Check Pods Manifest.lock */,
				20BD0F53270B08400066ACF5 /* Sources */,
				20BD0F54270B08400066ACF5 /* Frameworks */,
				20BD0F55270B08400066ACF5 /* Resources */,
				57F8E1C8358D84DE30AE257D /* [CP] Embed Pods Frameworks */,
			);
			buildRules = (
			);
			dependencies = (
			);
			name = BSW_Diplom_1;
			productName = BSW_Diplom_1;
			productReference = 20BD0F57270B08400066ACF5 /* BSW_Diplom_1.app */;
			productType = "com.apple.product-type.application";
		};
		20BD0F6C270B08420066ACF5 /* BSW_Diplom_1Tests */ = {
			isa = PBXNativeTarget;
			buildConfigurationList = 20BD0F84270B08420066ACF5 /* Build configuration list for PBXNativeTarget "BSW_Diplom_1Tests" */;
			buildPhases = (
				20BD0F69270B08420066ACF5 /* Sources */,
				20BD0F6A270B08420066ACF5 /* Frameworks */,
				20BD0F6B270B08420066ACF5 /* Resources */,
			);
			buildRules = (
			);
			dependencies = (
				20BD0F6F270B08420066ACF5 /* PBXTargetDependency */,
			);
			name = BSW_Diplom_1Tests;
			productName = BSW_Diplom_1Tests;
			productReference = 20BD0F6D270B08420066ACF5 /* BSW_Diplom_1Tests.xctest */;
			productType = "com.apple.product-type.bundle.unit-test";
		};
		20BD0F76270B08420066ACF5 /* BSW_Diplom_1UITests */ = {
			isa = PBXNativeTarget;
			buildConfigurationList = 20BD0F87270B08420066ACF5 /* Build configuration list for PBXNativeTarget "BSW_Diplom_1UITests" */;
			buildPhases = (
				20BD0F73270B08420066ACF5 /* Sources */,
				20BD0F74270B08420066ACF5 /* Frameworks */,
				20BD0F75270B08420066ACF5 /* Resources */,
			);
			buildRules = (
			);
			dependencies = (
				20BD0F79270B08420066ACF5 /* PBXTargetDependency */,
			);
			name = BSW_Diplom_1UITests;
			productName = BSW_Diplom_1UITests;
			productReference = 20BD0F77270B08420066ACF5 /* BSW_Diplom_1UITests.xctest */;
			productType = "com.apple.product-type.bundle.ui-testing";
		};
/* End PBXNativeTarget section */

/* Begin PBXProject section */
		20BD0F4F270B08400066ACF5 /* Project object */ = {
			isa = PBXProject;
			attributes = {
				BuildIndependentTargetsInParallel = 1;
				LastSwiftUpdateCheck = 1300;
				LastUpgradeCheck = 1300;
				TargetAttributes = {
					20BD0F56270B08400066ACF5 = {
						CreatedOnToolsVersion = 13.0;
					};
					20BD0F6C270B08420066ACF5 = {
						CreatedOnToolsVersion = 13.0;
						TestTargetID = 20BD0F56270B08400066ACF5;
					};
					20BD0F76270B08420066ACF5 = {
						CreatedOnToolsVersion = 13.0;
						TestTargetID = 20BD0F56270B08400066ACF5;
					};
				};
			};
			buildConfigurationList = 20BD0F52270B08400066ACF5 /* Build configuration list for PBXProject "BSW_Diplom_1" */;
			compatibilityVersion = "Xcode 13.0";
			developmentRegion = en;
			hasScannedForEncodings = 0;
			knownRegions = (
				en,
				Base,
			);
			mainGroup = 20BD0F4E270B08400066ACF5;
			productRefGroup = 20BD0F58270B08400066ACF5 /* Products */;
			projectDirPath = "";
			projectRoot = "";
			targets = (
				20BD0F56270B08400066ACF5 /* BSW_Diplom_1 */,
				20BD0F6C270B08420066ACF5 /* BSW_Diplom_1Tests */,
				20BD0F76270B08420066ACF5 /* BSW_Diplom_1UITests */,
			);
		};
/* End PBXProject section */

/* Begin PBXResourcesBuildPhase section */
		20BD0F55270B08400066ACF5 /* Resources */ = {
			isa = PBXResourcesBuildPhase;
			buildActionMask = 2147483647;
			files = (
				20BD0F67270B08420066ACF5 /* LaunchScreen.storyboard in Resources */,
				20BD0F64270B08420066ACF5 /* Assets.xcassets in Resources */,
				20BD0F62270B08400066ACF5 /* Main.storyboard in Resources */,
			);
			runOnlyForDeploymentPostprocessing = 0;
		};
		20BD0F6B270B08420066ACF5 /* Resources */ = {
			isa = PBXResourcesBuildPhase;
			buildActionMask = 2147483647;
			files = (
			);
			runOnlyForDeploymentPostprocessing = 0;
		};
		20BD0F75270B08420066ACF5 /* Resources */ = {
			isa = PBXResourcesBuildPhase;
			buildActionMask = 2147483647;
			files = (
			);
			runOnlyForDeploymentPostprocessing = 0;
		};
/* End PBXResourcesBuildPhase section */

/* Begin PBXShellScriptBuildPhase section */
		57F8E1C8358D84DE30AE257D /* [CP] Embed Pods Frameworks */ = {
			isa = PBXShellScriptBuildPhase;
			buildActionMask = 2147483647;
			files = (
			);
			inputFileListPaths = (
				"${PODS_ROOT}/Target Support Files/Pods-BSW_Diplom_1/Pods-BSW_Diplom_1-frameworks-${CONFIGURATION}-input-files.xcfilelist",
			);
			name = "[CP] Embed Pods Frameworks";
			outputFileListPaths = (
				"${PODS_ROOT}/Target Support Files/Pods-BSW_Diplom_1/Pods-BSW_Diplom_1-frameworks-${CONFIGURATION}-output-files.xcfilelist",
			);
			runOnlyForDeploymentPostprocessing = 0;
			shellPath = /bin/sh;
			shellScript = "\"${PODS_ROOT}/Target Support Files/Pods-BSW_Diplom_1/Pods-BSW_Diplom_1-frameworks.sh\"\n";
			showEnvVarsInLog = 0;
		};
		8D8DD6171FF096B43BB65B96 /* [CP] Check Pods Manifest.lock */ = {
			isa = PBXShellScriptBuildPhase;
			buildActionMask = 2147483647;
			files = (
			);
			inputFileListPaths = (
			);
			inputPaths = (
				"${PODS_PODFILE_DIR_PATH}/Podfile.lock",
				"${PODS_ROOT}/Manifest.lock",
			);
			name = "[CP] Check Pods Manifest.lock";
			outputFileListPaths = (
			);
			outputPaths = (
				"$(DERIVED_FILE_DIR)/Pods-BSW_Diplom_1-checkManifestLockResult.txt",
			);
			runOnlyForDeploymentPostprocessing = 0;
			shellPath = /bin/sh;
			shellScript = "diff \"${PODS_PODFILE_DIR_PATH}/Podfile.lock\" \"${PODS_ROOT}/Manifest.lock\" > /dev/null\nif [ $? != 0 ] ; then\n    # print error to STDERR\n    echo \"error: The sandbox is not in sync with the Podfile.lock. Run 'pod install' or update your CocoaPods installation.\" >&2\n    exit 1\nfi\n# This output is used by Xcode 'outputs' to avoid re-running this script phase.\necho \"SUCCESS\" > \"${SCRIPT_OUTPUT_FILE_0}\"\n";
			showEnvVarsInLog = 0;
		};
/* End PBXShellScriptBuildPhase section */

/* Begin PBXSourcesBuildPhase section */
		20BD0F53270B08400066ACF5 /* Sources */ = {
			isa = PBXSourcesBuildPhase;
			buildActionMask = 2147483647;
			files = (
				20F2BD12270C69AE009EF10F /* SubCategoriesObj.swift in Sources */,
				20F2BD14270C69BD009EF10F /* GoodsObj.swift in Sources */,
				20BD0F5B270B08400066ACF5 /* AppDelegate.swift in Sources */,
				20F2BD2E270C6B46009EF10F /* URLs.swift in Sources */,
				20F2BD08270C696D009EF10F /* GoodViewModel.swift in Sources */,
				20F2BD30270C96B7009EF10F /* SubCategoriesStruct.swift in Sources */,
				20C164CB270B0F8600C98437 /* SubCategoriesViewController.swift in Sources */,
				20F2BD1A270C69DC009EF10F /* RemoveOldInfo.swift in Sources */,
				20C164CD270B104200C98437 /* CartViewController.swift in Sources */,
				20F2BD22270C6A16009EF10F /* GoodsLoader.swift in Sources */,
				20BD0F5D270B08400066ACF5 /* SceneDelegate.swift in Sources */,
				20F2BD32270C96F2009EF10F /* SubCategoriesLoader.swift in Sources */,
				20F2BD10270C69A2009EF10F /* CategoriesObj.swift in Sources */,
				20F2BD26270C6A49009EF10F /* GoodsTableViewCell.swift in Sources */,
				20F2BD2A270C6A6F009EF10F /* CategoriesTableViewCell.swift in Sources */,
				20F2BD2C270C6A91009EF10F /* GoodsCollectionViewCell.swift in Sources */,
				20F2BD20270C6A0E009EF10F /* CategoriesLoader.swift in Sources */,
				20F2BD0A270C6979009EF10F /* GoodsViewModel.swift in Sources */,
				20F2BD18270C69D2009EF10F /* SaveInfo.swift in Sources */,
				20F2BD06270C6961009EF10F /* CartViewModel.swift in Sources */,
				20C164C9270B0F5E00C98437 /* CategoriesViewController.swift in Sources */,
				20F2BD24270C6A2D009EF10F /* CartTableViewCell.swift in Sources */,
				20F2BD1E270C6A02009EF10F /* GoodsStruct.swift in Sources */,
				20C164CF270B107500C98437 /* GoodsViewController.swift in Sources */,
				20F2BD0C270C6986009EF10F /* SubCategoriesViewModel.swift in Sources */,
				20F2BD16270C69C4009EF10F /* CartObj.swift in Sources */,
				20F2BD0E270C6992009EF10F /* CategoriesViewModel.swift in Sources */,
				20F2BD1C270C69F9009EF10F /* CategoriesStruct.swift in Sources */,
				20F2BCF9270C68A9009EF10F /* GoodViewController.swift in Sources */,
				20F2BD28270C6A66009EF10F /* SubCategoriesTableViewCell.swift in Sources */,
			);
			runOnlyForDeploymentPostprocessing = 0;
		};
		20BD0F69270B08420066ACF5 /* Sources */ = {
			isa = PBXSourcesBuildPhase;
			buildActionMask = 2147483647;
			files = (
				20BD0F72270B08420066ACF5 /* BSW_Diplom_1Tests.swift in Sources */,
			);
			runOnlyForDeploymentPostprocessing = 0;
		};
		20BD0F73270B08420066ACF5 /* Sources */ = {
			isa = PBXSourcesBuildPhase;
			buildActionMask = 2147483647;
			files = (
				20BD0F7E270B08420066ACF5 /* BSW_Diplom_1UITestsLaunchTests.swift in Sources */,
				20BD0F7C270B08420066ACF5 /* BSW_Diplom_1UITests.swift in Sources */,
			);
			runOnlyForDeploymentPostprocessing = 0;
		};
/* End PBXSourcesBuildPhase section */

/* Begin PBXTargetDependency section */
		20BD0F6F270B08420066ACF5 /* PBXTargetDependency */ = {
			isa = PBXTargetDependency;
			target = 20BD0F56270B08400066ACF5 /* BSW_Diplom_1 */;
			targetProxy = 20BD0F6E270B08420066ACF5 /* PBXContainerItemProxy */;
		};
		20BD0F79270B08420066ACF5 /* PBXTargetDependency */ = {
			isa = PBXTargetDependency;
			target = 20BD0F56270B08400066ACF5 /* BSW_Diplom_1 */;
			targetProxy = 20BD0F78270B08420066ACF5 /* PBXContainerItemProxy */;
		};
/* End PBXTargetDependency section */

/* Begin PBXVariantGroup section */
		20BD0F60270B08400066ACF5 /* Main.storyboard */ = {
			isa = PBXVariantGroup;
			children = (
				20BD0F61270B08400066ACF5 /* Base */,
			);
			name = Main.storyboard;
			sourceTree = "<group>";
		};
		20BD0F65270B08420066ACF5 /* LaunchScreen.storyboard */ = {
			isa = PBXVariantGroup;
			children = (
				20BD0F66270B08420066ACF5 /* Base */,
			);
			name = LaunchScreen.storyboard;
			sourceTree = "<group>";
		};
/* End PBXVariantGroup section */

/* Begin XCBuildConfiguration section */
		20BD0F7F270B08420066ACF5 /* Debug */ = {
			isa = XCBuildConfiguration;
			buildSettings = {
				ALWAYS_SEARCH_USER_PATHS = NO;
				CLANG_ANALYZER_NONNULL = YES;
				CLANG_ANALYZER_NUMBER_OBJECT_CONVERSION = YES_AGGRESSIVE;
				CLANG_CXX_LANGUAGE_STANDARD = "gnu++17";
				CLANG_CXX_LIBRARY = "libc++";
				CLANG_ENABLE_MODULES = YES;
				CLANG_ENABLE_OBJC_ARC = YES;
				CLANG_ENABLE_OBJC_WEAK = YES;
				CLANG_WARN_BLOCK_CAPTURE_AUTORELEASING = YES;
				CLANG_WARN_BOOL_CONVERSION = YES;
				CLANG_WARN_COMMA = YES;
				CLANG_WARN_CONSTANT_CONVERSION = YES;
				CLANG_WARN_DEPRECATED_OBJC_IMPLEMENTATIONS = YES;
				CLANG_WARN_DIRECT_OBJC_ISA_USAGE = YES_ERROR;
				CLANG_WARN_DOCUMENTATION_COMMENTS = YES;
				CLANG_WARN_EMPTY_BODY = YES;
				CLANG_WARN_ENUM_CONVERSION = YES;
				CLANG_WARN_INFINITE_RECURSION = YES;
				CLANG_WARN_INT_CONVERSION = YES;
				CLANG_WARN_NON_LITERAL_NULL_CONVERSION = YES;
				CLANG_WARN_OBJC_IMPLICIT_RETAIN_SELF = YES;
				CLANG_WARN_OBJC_LITERAL_CONVERSION = YES;
				CLANG_WARN_OBJC_ROOT_CLASS = YES_ERROR;
				CLANG_WARN_QUOTED_INCLUDE_IN_FRAMEWORK_HEADER = YES;
				CLANG_WARN_RANGE_LOOP_ANALYSIS = YES;
				CLANG_WARN_STRICT_PROTOTYPES = YES;
				CLANG_WARN_SUSPICIOUS_MOVE = YES;
				CLANG_WARN_UNGUARDED_AVAILABILITY = YES_AGGRESSIVE;
				CLANG_WARN_UNREACHABLE_CODE = YES;
				CLANG_WARN__DUPLICATE_METHOD_MATCH = YES;
				COPY_PHASE_STRIP = NO;
				DEBUG_INFORMATION_FORMAT = dwarf;
				ENABLE_STRICT_OBJC_MSGSEND = YES;
				ENABLE_TESTABILITY = YES;
				GCC_C_LANGUAGE_STANDARD = gnu11;
				GCC_DYNAMIC_NO_PIC = NO;
				GCC_NO_COMMON_BLOCKS = YES;
				GCC_OPTIMIZATION_LEVEL = 0;
				GCC_PREPROCESSOR_DEFINITIONS = (
					"DEBUG=1",
					"$(inherited)",
				);
				GCC_WARN_64_TO_32_BIT_CONVERSION = YES;
				GCC_WARN_ABOUT_RETURN_TYPE = YES_ERROR;
				GCC_WARN_UNDECLARED_SELECTOR = YES;
				GCC_WARN_UNINITIALIZED_AUTOS = YES_AGGRESSIVE;
				GCC_WARN_UNUSED_FUNCTION = YES;
				GCC_WARN_UNUSED_VARIABLE = YES;
				IPHONEOS_DEPLOYMENT_TARGET = 15.0;
				MTL_ENABLE_DEBUG_INFO = INCLUDE_SOURCE;
				MTL_FAST_MATH = YES;
				ONLY_ACTIVE_ARCH = YES;
				SDKROOT = iphoneos;
				SWIFT_ACTIVE_COMPILATION_CONDITIONS = DEBUG;
				SWIFT_OPTIMIZATION_LEVEL = "-Onone";
			};
			name = Debug;
		};
		20BD0F80270B08420066ACF5 /* Release */ = {
			isa = XCBuildConfiguration;
			buildSettings = {
				ALWAYS_SEARCH_USER_PATHS = NO;
				CLANG_ANALYZER_NONNULL = YES;
				CLANG_ANALYZER_NUMBER_OBJECT_CONVERSION = YES_AGGRESSIVE;
				CLANG_CXX_LANGUAGE_STANDARD = "gnu++17";
				CLANG_CXX_LIBRARY = "libc++";
				CLANG_ENABLE_MODULES = YES;
				CLANG_ENABLE_OBJC_ARC = YES;
				CLANG_ENABLE_OBJC_WEAK = YES;
				CLANG_WARN_BLOCK_CAPTURE_AUTORELEASING = YES;
				CLANG_WARN_BOOL_CONVERSION = YES;
				CLANG_WARN_COMMA = YES;
				CLANG_WARN_CONSTANT_CONVERSION = YES;
				CLANG_WARN_DEPRECATED_OBJC_IMPLEMENTATIONS = YES;
				CLANG_WARN_DIRECT_OBJC_ISA_USAGE = YES_ERROR;
				CLANG_WARN_DOCUMENTATION_COMMENTS = YES;
				CLANG_WARN_EMPTY_BODY = YES;
				CLANG_WARN_ENUM_CONVERSION = YES;
				CLANG_WARN_INFINITE_RECURSION = YES;
				CLANG_WARN_INT_CONVERSION = YES;
				CLANG_WARN_NON_LITERAL_NULL_CONVERSION = YES;
				CLANG_WARN_OBJC_IMPLICIT_RETAIN_SELF = YES;
				CLANG_WARN_OBJC_LITERAL_CONVERSION = YES;
				CLANG_WARN_OBJC_ROOT_CLASS = YES_ERROR;
				CLANG_WARN_QUOTED_INCLUDE_IN_FRAMEWORK_HEADER = YES;
				CLANG_WARN_RANGE_LOOP_ANALYSIS = YES;
				CLANG_WARN_STRICT_PROTOTYPES = YES;
				CLANG_WARN_SUSPICIOUS_MOVE = YES;
				CLANG_WARN_UNGUARDED_AVAILABILITY = YES_AGGRESSIVE;
				CLANG_WARN_UNREACHABLE_CODE = YES;
				CLANG_WARN__DUPLICATE_METHOD_MATCH = YES;
				COPY_PHASE_STRIP = NO;
				DEBUG_INFORMATION_FORMAT = "dwarf-with-dsym";
				ENABLE_NS_ASSERTIONS = NO;
				ENABLE_STRICT_OBJC_MSGSEND = YES;
				GCC_C_LANGUAGE_STANDARD = gnu11;
				GCC_NO_COMMON_BLOCKS = YES;
				GCC_WARN_64_TO_32_BIT_CONVERSION = YES;
				GCC_WARN_ABOUT_RETURN_TYPE = YES_ERROR;
				GCC_WARN_UNDECLARED_SELECTOR = YES;
				GCC_WARN_UNINITIALIZED_AUTOS = YES_AGGRESSIVE;
				GCC_WARN_UNUSED_FUNCTION = YES;
				GCC_WARN_UNUSED_VARIABLE = YES;
				IPHONEOS_DEPLOYMENT_TARGET = 15.0;
				MTL_ENABLE_DEBUG_INFO = NO;
				MTL_FAST_MATH = YES;
				SDKROOT = iphoneos;
				SWIFT_COMPILATION_MODE = wholemodule;
				SWIFT_OPTIMIZATION_LEVEL = "-O";
				VALIDATE_PRODUCT = YES;
			};
			name = Release;
		};
		20BD0F82270B08420066ACF5 /* Debug */ = {
			isa = XCBuildConfiguration;
			baseConfigurationReference = 3E03C0363477E2754CE4F121 /* Pods-BSW_Diplom_1.debug.xcconfig */;
			buildSettings = {
				ASSETCATALOG_COMPILER_APPICON_NAME = AppIcon;
				ASSETCATALOG_COMPILER_GLOBAL_ACCENT_COLOR_NAME = AccentColor;
				CODE_SIGN_STYLE = Automatic;
				CURRENT_PROJECT_VERSION = 1;
				DEVELOPMENT_TEAM = 22UF6659H5;
				GENERATE_INFOPLIST_FILE = YES;
				INFOPLIST_FILE = BSW_Diplom_1/Info.plist;
				INFOPLIST_KEY_UIApplicationSupportsIndirectInputEvents = YES;
				INFOPLIST_KEY_UILaunchStoryboardName = LaunchScreen;
				INFOPLIST_KEY_UIMainStoryboardFile = Main;
				INFOPLIST_KEY_UISupportedInterfaceOrientations_iPad = "UIInterfaceOrientationPortrait UIInterfaceOrientationPortraitUpsideDown UIInterfaceOrientationLandscapeLeft UIInterfaceOrientationLandscapeRight";
				INFOPLIST_KEY_UISupportedInterfaceOrientations_iPhone = "UIInterfaceOrientationPortrait UIInterfaceOrientationLandscapeLeft UIInterfaceOrientationLandscapeRight";
				LD_RUNPATH_SEARCH_PATHS = (
					"$(inherited)",
					"@executable_path/Frameworks",
				);
				MARKETING_VERSION = 1.0;
				PRODUCT_BUNDLE_IDENTIFIER = "lizaRog.BSW-Diplom-1";
				PRODUCT_NAME = "$(TARGET_NAME)";
				SWIFT_EMIT_LOC_STRINGS = YES;
				SWIFT_VERSION = 5.0;
				TARGETED_DEVICE_FAMILY = "1,2";
			};
			name = Debug;
		};
		20BD0F83270B08420066ACF5 /* Release */ = {
			isa = XCBuildConfiguration;
			baseConfigurationReference = 322EFE15AFDC833EC8B3532C /* Pods-BSW_Diplom_1.release.xcconfig */;
			buildSettings = {
				ASSETCATALOG_COMPILER_APPICON_NAME = AppIcon;
				ASSETCATALOG_COMPILER_GLOBAL_ACCENT_COLOR_NAME = AccentColor;
				CODE_SIGN_STYLE = Automatic;
				CURRENT_PROJECT_VERSION = 1;
				DEVELOPMENT_TEAM = 22UF6659H5;
				GENERATE_INFOPLIST_FILE = YES;
				INFOPLIST_FILE = BSW_Diplom_1/Info.plist;
				INFOPLIST_KEY_UIApplicationSupportsIndirectInputEvents = YES;
				INFOPLIST_KEY_UILaunchStoryboardName = LaunchScreen;
				INFOPLIST_KEY_UIMainStoryboardFile = Main;
				INFOPLIST_KEY_UISupportedInterfaceOrientations_iPad = "UIInterfaceOrientationPortrait UIInterfaceOrientationPortraitUpsideDown UIInterfaceOrientationLandscapeLeft UIInterfaceOrientationLandscapeRight";
				INFOPLIST_KEY_UISupportedInterfaceOrientations_iPhone = "UIInterfaceOrientationPortrait UIInterfaceOrientationLandscapeLeft UIInterfaceOrientationLandscapeRight";
				LD_RUNPATH_SEARCH_PATHS = (
					"$(inherited)",
					"@executable_path/Frameworks",
				);
				MARKETING_VERSION = 1.0;
				PRODUCT_BUNDLE_IDENTIFIER = "lizaRog.BSW-Diplom-1";
				PRODUCT_NAME = "$(TARGET_NAME)";
				SWIFT_EMIT_LOC_STRINGS = YES;
				SWIFT_VERSION = 5.0;
				TARGETED_DEVICE_FAMILY = "1,2";
			};
			name = Release;
		};
		20BD0F85270B08420066ACF5 /* Debug */ = {
			isa = XCBuildConfiguration;
			buildSettings = {
				ALWAYS_EMBED_SWIFT_STANDARD_LIBRARIES = YES;
				BUNDLE_LOADER = "$(TEST_HOST)";
				CODE_SIGN_STYLE = Automatic;
				CURRENT_PROJECT_VERSION = 1;
				DEVELOPMENT_TEAM = 22UF6659H5;
				GENERATE_INFOPLIST_FILE = YES;
				IPHONEOS_DEPLOYMENT_TARGET = 15.0;
				LD_RUNPATH_SEARCH_PATHS = (
					"$(inherited)",
					"@executable_path/Frameworks",
					"@loader_path/Frameworks",
				);
				MARKETING_VERSION = 1.0;
				PRODUCT_BUNDLE_IDENTIFIER = "lizaRog.BSW-Diplom-1Tests";
				PRODUCT_NAME = "$(TARGET_NAME)";
				SWIFT_EMIT_LOC_STRINGS = NO;
				SWIFT_VERSION = 5.0;
				TARGETED_DEVICE_FAMILY = "1,2";
				TEST_HOST = "$(BUILT_PRODUCTS_DIR)/BSW_Diplom_1.app/BSW_Diplom_1";
			};
			name = Debug;
		};
		20BD0F86270B08420066ACF5 /* Release */ = {
			isa = XCBuildConfiguration;
			buildSettings = {
				ALWAYS_EMBED_SWIFT_STANDARD_LIBRARIES = YES;
				BUNDLE_LOADER = "$(TEST_HOST)";
				CODE_SIGN_STYLE = Automatic;
				CURRENT_PROJECT_VERSION = 1;
				DEVELOPMENT_TEAM = 22UF6659H5;
				GENERATE_INFOPLIST_FILE = YES;
				IPHONEOS_DEPLOYMENT_TARGET = 15.0;
				LD_RUNPATH_SEARCH_PATHS = (
					"$(inherited)",
					"@executable_path/Frameworks",
					"@loader_path/Frameworks",
				);
				MARKETING_VERSION = 1.0;
				PRODUCT_BUNDLE_IDENTIFIER = "lizaRog.BSW-Diplom-1Tests";
				PRODUCT_NAME = "$(TARGET_NAME)";
				SWIFT_EMIT_LOC_STRINGS = NO;
				SWIFT_VERSION = 5.0;
				TARGETED_DEVICE_FAMILY = "1,2";
				TEST_HOST = "$(BUILT_PRODUCTS_DIR)/BSW_Diplom_1.app/BSW_Diplom_1";
			};
			name = Release;
		};
		20BD0F88270B08420066ACF5 /* Debug */ = {
			isa = XCBuildConfiguration;
			buildSettings = {
				ALWAYS_EMBED_SWIFT_STANDARD_LIBRARIES = YES;
				CODE_SIGN_STYLE = Automatic;
				CURRENT_PROJECT_VERSION = 1;
				DEVELOPMENT_TEAM = 22UF6659H5;
				GENERATE_INFOPLIST_FILE = YES;
				LD_RUNPATH_SEARCH_PATHS = (
					"$(inherited)",
					"@executable_path/Frameworks",
					"@loader_path/Frameworks",
				);
				MARKETING_VERSION = 1.0;
				PRODUCT_BUNDLE_IDENTIFIER = "lizaRog.BSW-Diplom-1UITests";
				PRODUCT_NAME = "$(TARGET_NAME)";
				SWIFT_EMIT_LOC_STRINGS = NO;
				SWIFT_VERSION = 5.0;
				TARGETED_DEVICE_FAMILY = "1,2";
				TEST_TARGET_NAME = BSW_Diplom_1;
			};
			name = Debug;
		};
		20BD0F89270B08420066ACF5 /* Release */ = {
			isa = XCBuildConfiguration;
			buildSettings = {
				ALWAYS_EMBED_SWIFT_STANDARD_LIBRARIES = YES;
				CODE_SIGN_STYLE = Automatic;
				CURRENT_PROJECT_VERSION = 1;
				DEVELOPMENT_TEAM = 22UF6659H5;
				GENERATE_INFOPLIST_FILE = YES;
				LD_RUNPATH_SEARCH_PATHS = (
					"$(inherited)",
					"@executable_path/Frameworks",
					"@loader_path/Frameworks",
				);
				MARKETING_VERSION = 1.0;
				PRODUCT_BUNDLE_IDENTIFIER = "lizaRog.BSW-Diplom-1UITests";
				PRODUCT_NAME = "$(TARGET_NAME)";
				SWIFT_EMIT_LOC_STRINGS = NO;
				SWIFT_VERSION = 5.0;
				TARGETED_DEVICE_FAMILY = "1,2";
				TEST_TARGET_NAME = BSW_Diplom_1;
			};
			name = Release;
		};
/* End XCBuildConfiguration section */

/* Begin XCConfigurationList section */
		20BD0F52270B08400066ACF5 /* Build configuration list for PBXProject "BSW_Diplom_1" */ = {
			isa = XCConfigurationList;
			buildConfigurations = (
				20BD0F7F270B08420066ACF5 /* Debug */,
				20BD0F80270B08420066ACF5 /* Release */,
			);
			defaultConfigurationIsVisible = 0;
			defaultConfigurationName = Release;
		};
		20BD0F81270B08420066ACF5 /* Build configuration list for PBXNativeTarget "BSW_Diplom_1" */ = {
			isa = XCConfigurationList;
			buildConfigurations = (
				20BD0F82270B08420066ACF5 /* Debug */,
				20BD0F83270B08420066ACF5 /* Release */,
			);
			defaultConfigurationIsVisible = 0;
			defaultConfigurationName = Release;
		};
		20BD0F84270B08420066ACF5 /* Build configuration list for PBXNativeTarget "BSW_Diplom_1Tests" */ = {
			isa = XCConfigurationList;
			buildConfigurations = (
				20BD0F85270B08420066ACF5 /* Debug */,
				20BD0F86270B08420066ACF5 /* Release */,
			);
			defaultConfigurationIsVisible = 0;
			defaultConfigurationName = Release;
		};
		20BD0F87270B08420066ACF5 /* Build configuration list for PBXNativeTarget "BSW_Diplom_1UITests" */ = {
			isa = XCConfigurationList;
			buildConfigurations = (
				20BD0F88270B08420066ACF5 /* Debug */,
				20BD0F89270B08420066ACF5 /* Release */,
			);
			defaultConfigurationIsVisible = 0;
			defaultConfigurationName = Release;
		};
/* End XCConfigurationList section */
	};
	rootObject = 20BD0F4F270B08400066ACF5 /* Project object */;
}
